
Microsoft Visual Studio Solution File, Format Version 12.00
# Visual Studio Version 16
VisualStudioVersion = 16.0.31624.102
MinimumVisualStudioVersion = 10.0.40219.1
Project("{FAE04EC0-301F-11D3-BF4B-00C04F79EFBC}") = "Election1", "Election1\Election1.csproj", "{74BFC62E-6104-44E5-AF1C-5DDE46CA9BA4}"
EndProject
Global
	GlobalSection(SolutionConfigurationPlatforms) = preSolution
		Debug|Any CPU = Debug|Any CPU
		Release|Any CPU = Release|Any CPU
	EndGlobalSection
	GlobalSection(ProjectConfigurationPlatforms) = postSolution
		{74BFC62E-6104-44E5-AF1C-5DDE46CA9BA4}.Debug|Any CPU.ActiveCfg = Debug|Any CPU
		{74BFC62E-6104-44E5-AF1C-5DDE46CA9BA4}.Debug|Any CPU.Build.0 = Debug|Any CPU
		{74BFC62E-6104-44E5-AF1C-5DDE46CA9BA4}.Release|Any CPU.ActiveCfg = Release|Any CPU
		{74BFC62E-6104-44E5-AF1C-5DDE46CA9BA4}.Release|Any CPU.Build.0 = Release|Any CPU
	EndGlobalSection
	GlobalSection(SolutionProperties) = preSolution
		HideSolutionNode = FALSE
	EndGlobalSection
	GlobalSection(ExtensibilityGlobals) = postSolution
		SolutionGuid = {40B39E83-499B-4606-9DAD-8C370CB6FC69}
	EndGlobalSection
EndGlobal
