
Microsoft Visual Studio Solution File, Format Version 12.00
# Visual Studio Version 16
VisualStudioVersion = 16.0.31624.102
MinimumVisualStudioVersion = 10.0.40219.1
Project("{FAE04EC0-301F-11D3-BF4B-00C04F79EFBC}") = "Stuck_In_A_Timeloop", "Stuck_In_A_Timeloop\Stuck_In_A_Timeloop.csproj", "{671A652A-4F79-48D9-A76E-80843EFD47F2}"
EndProject
Global
	GlobalSection(SolutionConfigurationPlatforms) = preSolution
		Debug|Any CPU = Debug|Any CPU
		Release|Any CPU = Release|Any CPU
	EndGlobalSection
	GlobalSection(ProjectConfigurationPlatforms) = postSolution
		{671A652A-4F79-48D9-A76E-80843EFD47F2}.Debug|Any CPU.ActiveCfg = Debug|Any CPU
		{671A652A-4F79-48D9-A76E-80843EFD47F2}.Debug|Any CPU.Build.0 = Debug|Any CPU
		{671A652A-4F79-48D9-A76E-80843EFD47F2}.Release|Any CPU.ActiveCfg = Release|Any CPU
		{671A652A-4F79-48D9-A76E-80843EFD47F2}.Release|Any CPU.Build.0 = Release|Any CPU
	EndGlobalSection
	GlobalSection(SolutionProperties) = preSolution
		HideSolutionNode = FALSE
	EndGlobalSection
	GlobalSection(ExtensibilityGlobals) = postSolution
		SolutionGuid = {DC047199-29D3-412D-A32E-47B60DC66127}
	EndGlobalSection
EndGlobal
